
Microsoft Visual Studio Solution File, Format Version 12.00
# Visual Studio Version 17
VisualStudioVersion = 17.0.31903.59
MinimumVisualStudioVersion = 10.0.40219.1
Project("{2150E333-8FDC-42A3-9474-1A3956D46DE8}") = "src", "src", "{DDD06BF4-4653-4013-848C-2DD46CD5D9F0}"
EndProject
Project("{FAE04EC0-301F-11D3-BF4B-00C04F79EFBC}") = "Maple.Contracts", "src\Maple.Contracts\Maple.Contracts.csproj", "{0500308A-AA9F-4E01-B5D8-4377AC2E774C}"
EndProject
Project("{FAE04EC0-301F-11D3-BF4B-00C04F79EFBC}") = "Maple.Core", "src\Maple.Core\Maple.Core.csproj", "{B6A61325-D352-44EE-95D5-0E852F40D497}"
EndProject
Project("{FAE04EC0-301F-11D3-BF4B-00C04F79EFBC}") = "Maple.Runtime", "src\Maple.Runtime\Maple.Runtime.csproj", "{326D2C23-52AE-419D-9E9E-6856FD0358E5}"
EndProject
Project("{FAE04EC0-301F-11D3-BF4B-00C04F79EFBC}") = "Maple.Runtime.Tests", "src\Maple.Runtime.Tests\Maple.Runtime.Tests.csproj", "{A805B045-8BCB-4356-BC85-8C884EC041E1}"
EndProject
Project("{FAE04EC0-301F-11D3-BF4B-00C04F79EFBC}") = "Maple.Replay", "src\Maple.Replay\Maple.Replay.csproj", "{98B0F07B-6944-4B6E-92D5-94328E1ADBA0}"
EndProject
Project("{FAE04EC0-301F-11D3-BF4B-00C04F79EFBC}") = "Maple.Cloud", "src\Maple.Cloud\Maple.Cloud.csproj", "{C34065F1-A2A2-44DC-BC70-C34FB7C7D245}"
EndProject
Project("{FAE04EC0-301F-11D3-BF4B-00C04F79EFBC}") = "Maple.Capture", "src\Maple.Capture\Maple.Capture.csproj", "{5E595AC1-EBDE-449B-B2D1-27DF47CDFD46}"
EndProject
Project("{FAE04EC0-301F-11D3-BF4B-00C04F79EFBC}") = "Maple.Vision", "src\Maple.Vision\Maple.Vision.csproj", "{CF4F7595-D938-4268-B952-1719DAC4A4D6}"
EndProject
Project("{FAE04EC0-301F-11D3-BF4B-00C04F79EFBC}") = "Maple.Input", "src\Maple.Input\Maple.Input.csproj", "{267B65F9-776F-4B42-92CA-01B2BF2FA37B}"
EndProject
Project("{FAE04EC0-301F-11D3-BF4B-00C04F79EFBC}") = "Maple.Map", "src\Maple.Map\Maple.Map.csproj", "{498B56D2-42D7-43EA-91F3-5D144289324E}"
EndProject
Project("{FAE04EC0-301F-11D3-BF4B-00C04F79EFBC}") = "Maple.Preview", "src\Maple.Preview\Maple.Preview.csproj", "{891DBA3A-53C3-4FB3-ABD3-2844B2FA136E}"
EndProject
Project("{FAE04EC0-301F-11D3-BF4B-00C04F79EFBC}") = "Maple.Host", "src\Maple.Host\Maple.Host.csproj", "{676609C9-6C99-4121-9EED-A44047F47D2A}"
EndProject
Project("{FAE04EC0-301F-11D3-BF4B-00C04F79EFBC}") = "Maple.Input.Tests", "src\Maple.Input.Tests\Maple.Input.Tests.csproj", "{80AA803A-9394-4582-B887-B9736E381C58}"
EndProject
Project("{FAE04EC0-301F-11D3-BF4B-00C04F79EFBC}") = "Maple.Map.Tests", "src\Maple.Map.Tests\Maple.Map.Tests.csproj", "{7DF9506C-0B7A-4174-8121-E345A8AFCE15}"
EndProject
Project("{FAE04EC0-301F-11D3-BF4B-00C04F79EFBC}") = "Maple.Host.Tests", "src\Maple.Host.Tests\Maple.Host.Tests.csproj", "{92826E7D-50D7-4CBD-B4BF-B25E85C42B1F}"
EndProject
Global
	GlobalSection(SolutionConfigurationPlatforms) = preSolution
		Debug|Any CPU = Debug|Any CPU
		Release|Any CPU = Release|Any CPU
	EndGlobalSection
	GlobalSection(SolutionProperties) = preSolution
		HideSolutionNode = FALSE
	EndGlobalSection
	GlobalSection(ProjectConfigurationPlatforms) = postSolution
		{0500308A-AA9F-4E01-B5D8-4377AC2E774C}.Debug|Any CPU.ActiveCfg = Debug|Any CPU
		{0500308A-AA9F-4E01-B5D8-4377AC2E774C}.Debug|Any CPU.Build.0 = Debug|Any CPU
		{0500308A-AA9F-4E01-B5D8-4377AC2E774C}.Release|Any CPU.ActiveCfg = Release|Any CPU
		{0500308A-AA9F-4E01-B5D8-4377AC2E774C}.Release|Any CPU.Build.0 = Release|Any CPU
		{B6A61325-D352-44EE-95D5-0E852F40D497}.Debug|Any CPU.ActiveCfg = Debug|Any CPU
		{B6A61325-D352-44EE-95D5-0E852F40D497}.Debug|Any CPU.Build.0 = Debug|Any CPU
		{B6A61325-D352-44EE-95D5-0E852F40D497}.Release|Any CPU.ActiveCfg = Release|Any CPU
		{B6A61325-D352-44EE-95D5-0E852F40D497}.Release|Any CPU.Build.0 = Release|Any CPU
		{326D2C23-52AE-419D-9E9E-6856FD0358E5}.Debug|Any CPU.ActiveCfg = Debug|Any CPU
		{326D2C23-52AE-419D-9E9E-6856FD0358E5}.Debug|Any CPU.Build.0 = Debug|Any CPU
		{326D2C23-52AE-419D-9E9E-6856FD0358E5}.Release|Any CPU.ActiveCfg = Release|Any CPU
		{326D2C23-52AE-419D-9E9E-6856FD0358E5}.Release|Any CPU.Build.0 = Release|Any CPU
		{A805B045-8BCB-4356-BC85-8C884EC041E1}.Debug|Any CPU.ActiveCfg = Debug|Any CPU
		{A805B045-8BCB-4356-BC85-8C884EC041E1}.Debug|Any CPU.Build.0 = Debug|Any CPU
		{A805B045-8BCB-4356-BC85-8C884EC041E1}.Release|Any CPU.ActiveCfg = Release|Any CPU
		{A805B045-8BCB-4356-BC85-8C884EC041E1}.Release|Any CPU.Build.0 = Release|Any CPU
		{98B0F07B-6944-4B6E-92D5-94328E1ADBA0}.Debug|Any CPU.ActiveCfg = Debug|Any CPU
		{98B0F07B-6944-4B6E-92D5-94328E1ADBA0}.Debug|Any CPU.Build.0 = Debug|Any CPU
		{98B0F07B-6944-4B6E-92D5-94328E1ADBA0}.Release|Any CPU.ActiveCfg = Release|Any CPU
		{98B0F07B-6944-4B6E-92D5-94328E1ADBA0}.Release|Any CPU.Build.0 = Release|Any CPU
		{C34065F1-A2A2-44DC-BC70-C34FB7C7D245}.Debug|Any CPU.ActiveCfg = Debug|Any CPU
		{C34065F1-A2A2-44DC-BC70-C34FB7C7D245}.Debug|Any CPU.Build.0 = Debug|Any CPU
		{C34065F1-A2A2-44DC-BC70-C34FB7C7D245}.Release|Any CPU.ActiveCfg = Release|Any CPU
		{C34065F1-A2A2-44DC-BC70-C34FB7C7D245}.Release|Any CPU.Build.0 = Release|Any CPU
		{5E595AC1-EBDE-449B-B2D1-27DF47CDFD46}.Debug|Any CPU.ActiveCfg = Debug|Any CPU
		{5E595AC1-EBDE-449B-B2D1-27DF47CDFD46}.Debug|Any CPU.Build.0 = Debug|Any CPU
		{5E595AC1-EBDE-449B-B2D1-27DF47CDFD46}.Release|Any CPU.ActiveCfg = Release|Any CPU
		{5E595AC1-EBDE-449B-B2D1-27DF47CDFD46}.Release|Any CPU.Build.0 = Release|Any CPU
		{CF4F7595-D938-4268-B952-1719DAC4A4D6}.Debug|Any CPU.ActiveCfg = Debug|Any CPU
		{CF4F7595-D938-4268-B952-1719DAC4A4D6}.Debug|Any CPU.Build.0 = Debug|Any CPU
		{CF4F7595-D938-4268-B952-1719DAC4A4D6}.Release|Any CPU.ActiveCfg = Release|Any CPU
		{CF4F7595-D938-4268-B952-1719DAC4A4D6}.Release|Any CPU.Build.0 = Release|Any CPU
		{267B65F9-776F-4B42-92CA-01B2BF2FA37B}.Debug|Any CPU.ActiveCfg = Debug|Any CPU
		{267B65F9-776F-4B42-92CA-01B2BF2FA37B}.Debug|Any CPU.Build.0 = Debug|Any CPU
		{267B65F9-776F-4B42-92CA-01B2BF2FA37B}.Release|Any CPU.ActiveCfg = Release|Any CPU
		{267B65F9-776F-4B42-92CA-01B2BF2FA37B}.Release|Any CPU.Build.0 = Release|Any CPU
		{498B56D2-42D7-43EA-91F3-5D144289324E}.Debug|Any CPU.ActiveCfg = Debug|Any CPU
		{498B56D2-42D7-43EA-91F3-5D144289324E}.Debug|Any CPU.Build.0 = Debug|Any CPU
		{498B56D2-42D7-43EA-91F3-5D144289324E}.Release|Any CPU.ActiveCfg = Release|Any CPU
		{498B56D2-42D7-43EA-91F3-5D144289324E}.Release|Any CPU.Build.0 = Release|Any CPU
		{891DBA3A-53C3-4FB3-ABD3-2844B2FA136E}.Debug|Any CPU.ActiveCfg = Debug|Any CPU
		{891DBA3A-53C3-4FB3-ABD3-2844B2FA136E}.Debug|Any CPU.Build.0 = Debug|Any CPU
		{891DBA3A-53C3-4FB3-ABD3-2844B2FA136E}.Release|Any CPU.ActiveCfg = Release|Any CPU
		{891DBA3A-53C3-4FB3-ABD3-2844B2FA136E}.Release|Any CPU.Build.0 = Release|Any CPU
		{676609C9-6C99-4121-9EED-A44047F47D2A}.Debug|Any CPU.ActiveCfg = Debug|Any CPU
		{676609C9-6C99-4121-9EED-A44047F47D2A}.Debug|Any CPU.Build.0 = Debug|Any CPU
		{676609C9-6C99-4121-9EED-A44047F47D2A}.Release|Any CPU.ActiveCfg = Release|Any CPU
		{676609C9-6C99-4121-9EED-A44047F47D2A}.Release|Any CPU.Build.0 = Release|Any CPU
		{80AA803A-9394-4582-B887-B9736E381C58}.Debug|Any CPU.ActiveCfg = Debug|Any CPU
		{80AA803A-9394-4582-B887-B9736E381C58}.Debug|Any CPU.Build.0 = Debug|Any CPU
		{80AA803A-9394-4582-B887-B9736E381C58}.Release|Any CPU.ActiveCfg = Release|Any CPU
		{80AA803A-9394-4582-B887-B9736E381C58}.Release|Any CPU.Build.0 = Release|Any CPU
		{7DF9506C-0B7A-4174-8121-E345A8AFCE15}.Debug|Any CPU.ActiveCfg = Debug|Any CPU
		{7DF9506C-0B7A-4174-8121-E345A8AFCE15}.Debug|Any CPU.Build.0 = Debug|Any CPU
		{7DF9506C-0B7A-4174-8121-E345A8AFCE15}.Release|Any CPU.ActiveCfg = Release|Any CPU
		{7DF9506C-0B7A-4174-8121-E345A8AFCE15}.Release|Any CPU.Build.0 = Release|Any CPU
		{92826E7D-50D7-4CBD-B4BF-B25E85C42B1F}.Debug|Any CPU.ActiveCfg = Debug|Any CPU
		{92826E7D-50D7-4CBD-B4BF-B25E85C42B1F}.Debug|Any CPU.Build.0 = Debug|Any CPU
		{92826E7D-50D7-4CBD-B4BF-B25E85C42B1F}.Release|Any CPU.ActiveCfg = Release|Any CPU
		{92826E7D-50D7-4CBD-B4BF-B25E85C42B1F}.Release|Any CPU.Build.0 = Release|Any CPU
	EndGlobalSection
	GlobalSection(NestedProjects) = preSolution
		{0500308A-AA9F-4E01-B5D8-4377AC2E774C} = {DDD06BF4-4653-4013-848C-2DD46CD5D9F0}
		{B6A61325-D352-44EE-95D5-0E852F40D497} = {DDD06BF4-4653-4013-848C-2DD46CD5D9F0}
		{326D2C23-52AE-419D-9E9E-6856FD0358E5} = {DDD06BF4-4653-4013-848C-2DD46CD5D9F0}
		{A805B045-8BCB-4356-BC85-8C884EC041E1} = {DDD06BF4-4653-4013-848C-2DD46CD5D9F0}
		{98B0F07B-6944-4B6E-92D5-94328E1ADBA0} = {DDD06BF4-4653-4013-848C-2DD46CD5D9F0}
		{C34065F1-A2A2-44DC-BC70-C34FB7C7D245} = {DDD06BF4-4653-4013-848C-2DD46CD5D9F0}
		{5E595AC1-EBDE-449B-B2D1-27DF47CDFD46} = {DDD06BF4-4653-4013-848C-2DD46CD5D9F0}
		{CF4F7595-D938-4268-B952-1719DAC4A4D6} = {DDD06BF4-4653-4013-848C-2DD46CD5D9F0}
		{267B65F9-776F-4B42-92CA-01B2BF2FA37B} = {DDD06BF4-4653-4013-848C-2DD46CD5D9F0}
		{498B56D2-42D7-43EA-91F3-5D144289324E} = {DDD06BF4-4653-4013-848C-2DD46CD5D9F0}
		{891DBA3A-53C3-4FB3-ABD3-2844B2FA136E} = {DDD06BF4-4653-4013-848C-2DD46CD5D9F0}
		{676609C9-6C99-4121-9EED-A44047F47D2A} = {DDD06BF4-4653-4013-848C-2DD46CD5D9F0}
		{80AA803A-9394-4582-B887-B9736E381C58} = {DDD06BF4-4653-4013-848C-2DD46CD5D9F0}
		{7DF9506C-0B7A-4174-8121-E345A8AFCE15} = {DDD06BF4-4653-4013-848C-2DD46CD5D9F0}
		{92826E7D-50D7-4CBD-B4BF-B25E85C42B1F} = {DDD06BF4-4653-4013-848C-2DD46CD5D9F0}
	EndGlobalSection
EndGlobal
